version = 1
revision = 3
requires-python = ">=3.10"

[[package]]
name = "msgpack"
version = "1.1.1"
source = { registry = "https://pypi.org/simple" }
sdist = { url = "https://files.pythonhosted.org/packages/45/b1/ea4f68038a18c77c9467400d166d74c4ffa536f34761f7983a104357e614/msgpack-1.1.1.tar.gz", hash = "sha256:77b79ce34a2bdab2594f490c8e80dd62a02d650b91a75159a63ec413b8d104cd", size = 173555, upload-time = "2025-06-13T06:52:51.324Z" }
wheels = [
    { url = "https://files.pythonhosted.org/packages/33/52/f30da112c1dc92cf64f57d08a273ac771e7b29dea10b4b30369b2d7e8546/msgpack-1.1.1-cp310-cp310-macosx_10_9_x86_64.whl", hash = "sha256:353b6fc0c36fde68b661a12949d7d49f8f51ff5fa019c1e47c87c4ff34b080ed", size = 81799, upload-time = "2025-06-13T06:51:37.228Z" },
    { url = "https://files.pythonhosted.org/packages/e4/35/7bfc0def2f04ab4145f7f108e3563f9b4abae4ab0ed78a61f350518cc4d2/msgpack-1.1.1-cp310-cp310-macosx_11_0_arm64.whl", hash = "sha256:79c408fcf76a958491b4e3b103d1c417044544b68e96d06432a189b43d1215c8", size = 78278, upload-time = "2025-06-13T06:51:38.534Z" },
    { url = "https://files.pythonhosted.org/packages/e8/c5/df5d6c1c39856bc55f800bf82778fd4c11370667f9b9e9d51b2f5da88f20/msgpack-1.1.1-cp310-cp310-manylinux_2_17_aarch64.manylinux2014_aarch64.whl", hash = "sha256:78426096939c2c7482bf31ef15ca219a9e24460289c00dd0b94411040bb73ad2", size = 402805, upload-time = "2025-06-13T06:51:39.538Z" },
    { url = "https://files.pythonhosted.org/packages/20/8e/0bb8c977efecfe6ea7116e2ed73a78a8d32a947f94d272586cf02a9757db/msgpack-1.1.1-cp310-cp310-manylinux_2_17_x86_64.manylinux2014_x86_64.whl", hash = "sha256:8b17ba27727a36cb73aabacaa44b13090feb88a01d012c0f4be70c00f75048b4", size = 408642, upload-time = "2025-06-13T06:51:41.092Z" },
    { url = "https://files.pythonhosted.org/packages/59/a1/731d52c1aeec52006be6d1f8027c49fdc2cfc3ab7cbe7c28335b2910d7b6/msgpack-1.1.1-cp310-cp310-manylinux_2_5_i686.manylinux1_i686.manylinux_2_17_i686.manylinux2014_i686.whl", hash = "sha256:7a17ac1ea6ec3c7687d70201cfda3b1e8061466f28f686c24f627cae4ea8efd0", size = 395143, upload-time = "2025-06-13T06:51:42.575Z" },
    { url = "https://files.pythonhosted.org/packages/2b/92/b42911c52cda2ba67a6418ffa7d08969edf2e760b09015593c8a8a27a97d/msgpack-1.1.1-cp310-cp310-musllinux_1_2_aarch64.whl", hash = "sha256:88d1e966c9235c1d4e2afac21ca83933ba59537e2e2727a999bf3f515ca2af26", size = 395986, upload-time = "2025-06-13T06:51:43.807Z" },
    { url = "https://files.pythonhosted.org/packages/61/dc/8ae165337e70118d4dab651b8b562dd5066dd1e6dd57b038f32ebc3e2f07/msgpack-1.1.1-cp310-cp310-musllinux_1_2_i686.whl", hash = "sha256:f6d58656842e1b2ddbe07f43f56b10a60f2ba5826164910968f5933e5178af75", size = 402682, upload-time = "2025-06-13T06:51:45.534Z" },
    { url = "https://files.pythonhosted.org/packages/58/27/555851cb98dcbd6ce041df1eacb25ac30646575e9cd125681aa2f4b1b6f1/msgpack-1.1.1-cp310-cp310-musllinux_1_2_x86_64.whl", hash = "sha256:96decdfc4adcbc087f5ea7ebdcfd3dee9a13358cae6e81d54be962efc38f6338", size = 406368, upload-time = "2025-06-13T06:51:46.97Z" },
    { url = "https://files.pythonhosted.org/packages/d4/64/39a26add4ce16f24e99eabb9005e44c663db00e3fce17d4ae1ae9d61df99/msgpack-1.1.1-cp310-cp310-win32.whl", hash = "sha256:6640fd979ca9a212e4bcdf6eb74051ade2c690b862b679bfcb60ae46e6dc4bfd", size = 65004, upload-time = "2025-06-13T06:51:48.582Z" },
    { url = "https://files.pythonhosted.org/packages/7d/18/73dfa3e9d5d7450d39debde5b0d848139f7de23bd637a4506e36c9800fd6/msgpack-1.1.1-cp310-cp310-win_amd64.whl", hash = "sha256:8b65b53204fe1bd037c40c4148d00ef918eb2108d24c9aaa20bc31f9810ce0a8", size = 71548, upload-time = "2025-06-13T06:51:49.558Z" },
    { url = "https://files.pythonhosted.org/packages/7f/83/97f24bf9848af23fe2ba04380388216defc49a8af6da0c28cc636d722502/msgpack-1.1.1-cp311-cp311-macosx_10_9_x86_64.whl", hash = "sha256:71ef05c1726884e44f8b1d1773604ab5d4d17729d8491403a705e649116c9558", size = 82728, upload-time = "2025-06-13T06:51:50.68Z" },
    { url = "https://files.pythonhosted.org/packages/aa/7f/2eaa388267a78401f6e182662b08a588ef4f3de6f0eab1ec09736a7aaa2b/msgpack-1.1.1-cp311-cp311-macosx_11_0_arm64.whl", hash = "sha256:36043272c6aede309d29d56851f8841ba907a1a3d04435e43e8a19928e243c1d", size = 79279, upload-time = "2025-06-13T06:51:51.72Z" },
    { url = "https://files.pythonhosted.org/packages/f8/46/31eb60f4452c96161e4dfd26dbca562b4ec68c72e4ad07d9566d7ea35e8a/msgpack-1.1.1-cp311-cp311-manylinux_2_17_aarch64.manylinux2014_aarch64.whl", hash = "sha256:a32747b1b39c3ac27d0670122b57e6e57f28eefb725e0b625618d1b59bf9d1e0", size = 423859, upload-time = "2025-06-13T06:51:52.749Z" },
    { url = "https://files.pythonhosted.org/packages/45/16/a20fa8c32825cc7ae8457fab45670c7a8996d7746ce80ce41cc51e3b2bd7/msgpack-1.1.1-cp311-cp311-manylinux_2_17_x86_64.manylinux2014_x86_64.whl", hash = "sha256:8a8b10fdb84a43e50d38057b06901ec9da52baac6983d3f709d8507f3889d43f", size = 429975, upload-time = "2025-06-13T06:51:53.97Z" },
    { url = "https://files.pythonhosted.org/packages/86/ea/6c958e07692367feeb1a1594d35e22b62f7f476f3c568b002a5ea09d443d/msgpack-1.1.1-cp311-cp311-manylinux_2_5_i686.manylinux1_i686.manylinux_2_17_i686.manylinux2014_i686.whl", hash = "sha256:ba0c325c3f485dc54ec298d8b024e134acf07c10d494ffa24373bea729acf704", size = 413528, upload-time = "2025-06-13T06:51:55.507Z" },
    { url = "https://files.pythonhosted.org/packages/75/05/ac84063c5dae79722bda9f68b878dc31fc3059adb8633c79f1e82c2cd946/msgpack-1.1.1-cp311-cp311-musllinux_1_2_aarch64.whl", hash = "sha256:88daaf7d146e48ec71212ce21109b66e06a98e5e44dca47d853cbfe171d6c8d2", size = 413338, upload-time = "2025-06-13T06:51:57.023Z" },
    { url = "https://files.pythonhosted.org/packages/69/e8/fe86b082c781d3e1c09ca0f4dacd457ede60a13119b6ce939efe2ea77b76/msgpack-1.1.1-cp311-cp311-musllinux_1_2_i686.whl", hash = "sha256:d8b55ea20dc59b181d3f47103f113e6f28a5e1c89fd5b67b9140edb442ab67f2", size = 422658, upload-time = "2025-06-13T06:51:58.419Z" },
    { url = "https://files.pythonhosted.org/packages/3b/2b/bafc9924df52d8f3bb7c00d24e57be477f4d0f967c0a31ef5e2225e035c7/msgpack-1.1.1-cp311-cp311-musllinux_1_2_x86_64.whl", hash = "sha256:4a28e8072ae9779f20427af07f53bbb8b4aa81151054e882aee333b158da8752", size = 427124, upload-time = "2025-06-13T06:51:59.969Z" },
    { url = "https://files.pythonhosted.org/packages/a2/3b/1f717e17e53e0ed0b68fa59e9188f3f610c79d7151f0e52ff3cd8eb6b2dc/msgpack-1.1.1-cp311-cp311-win32.whl", hash = "sha256:7da8831f9a0fdb526621ba09a281fadc58ea12701bc709e7b8cbc362feabc295", size = 65016, upload-time = "2025-06-13T06:52:01.294Z" },
    { url = "https://files.pythonhosted.org/packages/48/45/9d1780768d3b249accecc5a38c725eb1e203d44a191f7b7ff1941f7df60c/msgpack-1.1.1-cp311-cp311-win_amd64.whl", hash = "sha256:5fd1b58e1431008a57247d6e7cc4faa41c3607e8e7d4aaf81f7c29ea013cb458", size = 72267, upload-time = "2025-06-13T06:52:02.568Z" },
    { url = "https://files.pythonhosted.org/packages/e3/26/389b9c593eda2b8551b2e7126ad3a06af6f9b44274eb3a4f054d48ff7e47/msgpack-1.1.1-cp312-cp312-macosx_10_13_x86_64.whl", hash = "sha256:ae497b11f4c21558d95de9f64fff7053544f4d1a17731c866143ed6bb4591238", size = 82359, upload-time = "2025-06-13T06:52:03.909Z" },
    { url = "https://files.pythonhosted.org/packages/ab/65/7d1de38c8a22cf8b1551469159d4b6cf49be2126adc2482de50976084d78/msgpack-1.1.1-cp312-cp312-macosx_11_0_arm64.whl", hash = "sha256:33be9ab121df9b6b461ff91baac6f2731f83d9b27ed948c5b9d1978ae28bf157", size = 79172, upload-time = "2025-06-13T06:52:05.246Z" },
    { url = "https://files.pythonhosted.org/packages/0f/bd/cacf208b64d9577a62c74b677e1ada005caa9b69a05a599889d6fc2ab20a/msgpack-1.1.1-cp312-cp312-manylinux_2_17_aarch64.manylinux2014_aarch64.whl", hash = "sha256:6f64ae8fe7ffba251fecb8408540c34ee9df1c26674c50c4544d72dbf792e5ce", size = 425013, upload-time = "2025-06-13T06:52:06.341Z" },
    { url = "https://files.pythonhosted.org/packages/4d/ec/fd869e2567cc9c01278a736cfd1697941ba0d4b81a43e0aa2e8d71dab208/msgpack-1.1.1-cp312-cp312-manylinux_2_17_x86_64.manylinux2014_x86_64.whl", hash = "sha256:a494554874691720ba5891c9b0b39474ba43ffb1aaf32a5dac874effb1619e1a", size = 426905, upload-time = "2025-06-13T06:52:07.501Z" },
    { url = "https://files.pythonhosted.org/packages/55/2a/35860f33229075bce803a5593d046d8b489d7ba2fc85701e714fc1aaf898/msgpack-1.1.1-cp312-cp312-manylinux_2_5_i686.manylinux1_i686.manylinux_2_17_i686.manylinux2014_i686.whl", hash = "sha256:cb643284ab0ed26f6957d969fe0dd8bb17beb567beb8998140b5e38a90974f6c", size = 407336, upload-time = "2025-06-13T06:52:09.047Z" },
    { url = "https://files.pythonhosted.org/packages/8c/16/69ed8f3ada150bf92745fb4921bd621fd2cdf5a42e25eb50bcc57a5328f0/msgpack-1.1.1-cp312-cp312-musllinux_1_2_aarch64.whl", hash = "sha256:d275a9e3c81b1093c060c3837e580c37f47c51eca031f7b5fb76f7b8470f5f9b", size = 409485, upload-time = "2025-06-13T06:52:10.382Z" },
    { url = "https://files.pythonhosted.org/packages/c6/b6/0c398039e4c6d0b2e37c61d7e0e9d13439f91f780686deb8ee64ecf1ae71/msgpack-1.1.1-cp312-cp312-musllinux_1_2_i686.whl", hash = "sha256:4fd6b577e4541676e0cc9ddc1709d25014d3ad9a66caa19962c4f5de30fc09ef", size = 412182, upload-time = "2025-06-13T06:52:11.644Z" },
    { url = "https://files.pythonhosted.org/packages/b8/d0/0cf4a6ecb9bc960d624c93effaeaae75cbf00b3bc4a54f35c8507273cda1/msgpack-1.1.1-cp312-cp312-musllinux_1_2_x86_64.whl", hash = "sha256:bb29aaa613c0a1c40d1af111abf025f1732cab333f96f285d6a93b934738a68a", size = 419883, upload-time = "2025-06-13T06:52:12.806Z" },
    { url = "https://files.pythonhosted.org/packages/62/83/9697c211720fa71a2dfb632cad6196a8af3abea56eece220fde4674dc44b/msgpack-1.1.1-cp312-cp312-win32.whl", hash = "sha256:870b9a626280c86cff9c576ec0d9cbcc54a1e5ebda9cd26dab12baf41fee218c", size = 65406, upload-time = "2025-06-13T06:52:14.271Z" },
    { url = "https://files.pythonhosted.org/packages/c0/23/0abb886e80eab08f5e8c485d6f13924028602829f63b8f5fa25a06636628/msgpack-1.1.1-cp312-cp312-win_amd64.whl", hash = "sha256:5692095123007180dca3e788bb4c399cc26626da51629a31d40207cb262e67f4", size = 72558, upload-time = "2025-06-13T06:52:15.252Z" },
    { url = "https://files.pythonhosted.org/packages/a1/38/561f01cf3577430b59b340b51329803d3a5bf6a45864a55f4ef308ac11e3/msgpack-1.1.1-cp313-cp313-macosx_10_13_x86_64.whl", hash = "sha256:3765afa6bd4832fc11c3749be4ba4b69a0e8d7b728f78e68120a157a4c5d41f0", size = 81677, upload-time = "2025-06-13T06:52:16.64Z" },
    { url = "https://files.pythonhosted.org/packages/09/48/54a89579ea36b6ae0ee001cba8c61f776451fad3c9306cd80f5b5c55be87/msgpack-1.1.1-cp313-cp313-macosx_11_0_arm64.whl", hash = "sha256:8ddb2bcfd1a8b9e431c8d6f4f7db0773084e107730ecf3472f1dfe9ad583f3d9", size = 78603, upload-time = "2025-06-13T06:52:17.843Z" },
    { url = "https://files.pythonhosted.org/packages/a0/60/daba2699b308e95ae792cdc2ef092a38eb5ee422f9d2fbd4101526d8a210/msgpack-1.1.1-cp313-cp313-manylinux_2_17_aarch64.manylinux2014_aarch64.whl", hash = "sha256:196a736f0526a03653d829d7d4c5500a97eea3648aebfd4b6743875f28aa2af8", size = 420504, upload-time = "2025-06-13T06:52:18.982Z" },
    { url = "https://files.pythonhosted.org/packages/20/22/2ebae7ae43cd8f2debc35c631172ddf14e2a87ffcc04cf43ff9df9fff0d3/msgpack-1.1.1-cp313-cp313-manylinux_2_17_x86_64.manylinux2014_x86_64.whl", hash = "sha256:9d592d06e3cc2f537ceeeb23d38799c6ad83255289bb84c2e5792e5a8dea268a", size = 423749, upload-time = "2025-06-13T06:52:20.211Z" },
    { url = "https://files.pythonhosted.org/packages/40/1b/54c08dd5452427e1179a40b4b607e37e2664bca1c790c60c442c8e972e47/msgpack-1.1.1-cp313-cp313-manylinux_2_5_i686.manylinux1_i686.manylinux_2_17_i686.manylinux2014_i686.whl", hash = "sha256:4df2311b0ce24f06ba253fda361f938dfecd7b961576f9be3f3fbd60e87130ac", size = 404458, upload-time = "2025-06-13T06:52:21.429Z" },
    { url = "https://files.pythonhosted.org/packages/2e/60/6bb17e9ffb080616a51f09928fdd5cac1353c9becc6c4a8abd4e57269a16/msgpack-1.1.1-cp313-cp313-musllinux_1_2_aarch64.whl", hash = "sha256:e4141c5a32b5e37905b5940aacbc59739f036930367d7acce7a64e4dec1f5e0b", size = 405976, upload-time = "2025-06-13T06:52:22.995Z" },
    { url = "https://files.pythonhosted.org/packages/ee/97/88983e266572e8707c1f4b99c8fd04f9eb97b43f2db40e3172d87d8642db/msgpack-1.1.1-cp313-cp313-musllinux_1_2_i686.whl", hash = "sha256:b1ce7f41670c5a69e1389420436f41385b1aa2504c3b0c30620764b15dded2e7", size = 408607, upload-time = "2025-06-13T06:52:24.152Z" },
    { url = "https://files.pythonhosted.org/packages/bc/66/36c78af2efaffcc15a5a61ae0df53a1d025f2680122e2a9eb8442fed3ae4/msgpack-1.1.1-cp313-cp313-musllinux_1_2_x86_64.whl", hash = "sha256:4147151acabb9caed4e474c3344181e91ff7a388b888f1e19ea04f7e73dc7ad5", size = 424172, upload-time = "2025-06-13T06:52:25.704Z" },
    { url = "https://files.pythonhosted.org/packages/8c/87/a75eb622b555708fe0427fab96056d39d4c9892b0c784b3a721088c7ee37/msgpack-1.1.1-cp313-cp313-win32.whl", hash = "sha256:500e85823a27d6d9bba1d057c871b4210c1dd6fb01fbb764e37e4e8847376323", size = 65347, upload-time = "2025-06-13T06:52:26.846Z" },
    { url = "https://files.pythonhosted.org/packages/ca/91/7dc28d5e2a11a5ad804cf2b7f7a5fcb1eb5a4966d66a5d2b41aee6376543/msgpack-1.1.1-cp313-cp313-win_amd64.whl", hash = "sha256:6d489fba546295983abd142812bda76b57e33d0b9f5d5b71c09a583285506f69", size = 72341, upload-time = "2025-06-13T06:52:27.835Z" },
]

[[package]]
name = "odroid"
version = "0.1.0"
source = { virtual = "." }
dependencies = [
    { name = "msgpack" },
]

[package.metadata]
requires-dist = [{ name = "msgpack", specifier = ">=1.1.1" }]
